
Microsoft Visual Studio Solution File, Format Version 12.00
# Visual Studio Version 16
VisualStudioVersion = 16.0.30517.126
MinimumVisualStudioVersion = 10.0.40219.1
Project("{9A19103F-16F7-4668-BE54-9A1E7A4F7556}") = "EntitiyFrameworkCore.Parallel", "EntitiyFrameworkCore.Parallel\EntitiyFrameworkCore.Parallel.csproj", "{6CF22135-ADC4-4212-A054-E73AE70E3087}"
EndProject
Project("{9A19103F-16F7-4668-BE54-9A1E7A4F7556}") = "EntityFrameworkCore.Parallel.Tests", "EntityFrameworkCore.Parallel.Tests\EntityFrameworkCore.Parallel.Tests.csproj", "{6565439E-6CF8-4EF3-97E2-C7B5E264E952}"
EndProject
Project("{9A19103F-16F7-4668-BE54-9A1E7A4F7556}") = "EntityFrameworkCore.Parallel.DemoModel", "EntityFrameworkCore.Parallel.DemoModel\EntityFrameworkCore.Parallel.DemoModel.csproj", "{8B8E9F92-8ECA-4848-B038-1D904B2D59AC}"
EndProject
Global
	GlobalSection(SolutionConfigurationPlatforms) = preSolution
		Debug|Any CPU = Debug|Any CPU
		Release|Any CPU = Release|Any CPU
	EndGlobalSection
	GlobalSection(ProjectConfigurationPlatforms) = postSolution
		{6CF22135-ADC4-4212-A054-E73AE70E3087}.Debug|Any CPU.ActiveCfg = Debug|Any CPU
		{6CF22135-ADC4-4212-A054-E73AE70E3087}.Debug|Any CPU.Build.0 = Debug|Any CPU
		{6CF22135-ADC4-4212-A054-E73AE70E3087}.Release|Any CPU.ActiveCfg = Release|Any CPU
		{6CF22135-ADC4-4212-A054-E73AE70E3087}.Release|Any CPU.Build.0 = Release|Any CPU
		{6565439E-6CF8-4EF3-97E2-C7B5E264E952}.Debug|Any CPU.ActiveCfg = Debug|Any CPU
		{6565439E-6CF8-4EF3-97E2-C7B5E264E952}.Debug|Any CPU.Build.0 = Debug|Any CPU
		{6565439E-6CF8-4EF3-97E2-C7B5E264E952}.Release|Any CPU.ActiveCfg = Release|Any CPU
		{6565439E-6CF8-4EF3-97E2-C7B5E264E952}.Release|Any CPU.Build.0 = Release|Any CPU
		{8B8E9F92-8ECA-4848-B038-1D904B2D59AC}.Debug|Any CPU.ActiveCfg = Debug|Any CPU
		{8B8E9F92-8ECA-4848-B038-1D904B2D59AC}.Debug|Any CPU.Build.0 = Debug|Any CPU
		{8B8E9F92-8ECA-4848-B038-1D904B2D59AC}.Release|Any CPU.ActiveCfg = Release|Any CPU
		{8B8E9F92-8ECA-4848-B038-1D904B2D59AC}.Release|Any CPU.Build.0 = Release|Any CPU
	EndGlobalSection
	GlobalSection(SolutionProperties) = preSolution
		HideSolutionNode = FALSE
	EndGlobalSection
	GlobalSection(ExtensibilityGlobals) = postSolution
		SolutionGuid = {C3F70A06-0327-4F4A-BB50-AB1547B8A691}
	EndGlobalSection
EndGlobal
